
Microsoft Visual Studio Solution File, Format Version 12.00
# Visual Studio Version 16
VisualStudioVersion = 16.0.31911.196
MinimumVisualStudioVersion = 10.0.40219.1
Project("{FAE04EC0-301F-11D3-BF4B-00C04F79EFBC}") = "Ficha 2 objetos", "Ficha 2 objetos\Ficha 2 objetos.csproj", "{41A7C7AB-2613-49A5-B860-11DE59CC5E7C}"
EndProject
Global
	GlobalSection(SolutionConfigurationPlatforms) = preSolution
		Debug|Any CPU = Debug|Any CPU
		Release|Any CPU = Release|Any CPU
	EndGlobalSection
	GlobalSection(ProjectConfigurationPlatforms) = postSolution
		{41A7C7AB-2613-49A5-B860-11DE59CC5E7C}.Debug|Any CPU.ActiveCfg = Debug|Any CPU
		{41A7C7AB-2613-49A5-B860-11DE59CC5E7C}.Debug|Any CPU.Build.0 = Debug|Any CPU
		{41A7C7AB-2613-49A5-B860-11DE59CC5E7C}.Release|Any CPU.ActiveCfg = Release|Any CPU
		{41A7C7AB-2613-49A5-B860-11DE59CC5E7C}.Release|Any CPU.Build.0 = Release|Any CPU
	EndGlobalSection
	GlobalSection(SolutionProperties) = preSolution
		HideSolutionNode = FALSE
	EndGlobalSection
	GlobalSection(ExtensibilityGlobals) = postSolution
		SolutionGuid = {EEAF13EA-D4F7-404A-8C9F-63FD860B02E0}
	EndGlobalSection
EndGlobal
